
Microsoft Visual Studio Solution File, Format Version 12.00
# Visual Studio Version 16
VisualStudioVersion = 16.0.32228.343
MinimumVisualStudioVersion = 10.0.40219.1
Project("{FAE04EC0-301F-11D3-BF4B-00C04F79EFBC}") = "Project", "Project.csproj", "{7CE2BD7C-54DC-46CF-B440-12DD1B1EBD50}"
EndProject
Global
	GlobalSection(SolutionConfigurationPlatforms) = preSolution
		Debug|Any CPU = Debug|Any CPU
		Release|Any CPU = Release|Any CPU
	EndGlobalSection
	GlobalSection(ProjectConfigurationPlatforms) = postSolution
		{7CE2BD7C-54DC-46CF-B440-12DD1B1EBD50}.Debug|Any CPU.ActiveCfg = Debug|Any CPU
		{7CE2BD7C-54DC-46CF-B440-12DD1B1EBD50}.Debug|Any CPU.Build.0 = Debug|Any CPU
		{7CE2BD7C-54DC-46CF-B440-12DD1B1EBD50}.Release|Any CPU.ActiveCfg = Release|Any CPU
		{7CE2BD7C-54DC-46CF-B440-12DD1B1EBD50}.Release|Any CPU.Build.0 = Release|Any CPU
	EndGlobalSection
	GlobalSection(SolutionProperties) = preSolution
		HideSolutionNode = FALSE
	EndGlobalSection
	GlobalSection(ExtensibilityGlobals) = postSolution
		SolutionGuid = {36EB8CA5-769C-4DAB-AC17-5817028E374E}
	EndGlobalSection
EndGlobal
